
Microsoft Visual Studio Solution File, Format Version 12.00
# Visual Studio Version 16
VisualStudioVersion = 16.0.31112.23
MinimumVisualStudioVersion = 10.0.40219.1
Project("{8BC9CEB8-8B4A-11D0-8D11-00A0C91BC942}") = "RPP_Lab_MPIseq", "RPP_Lab_MPIseq\RPP_Lab_MPIseq.vcxproj", "{41D5D839-21ED-4FDA-B1F6-80218DF61DD9}"
EndProject
Global
	GlobalSection(SolutionConfigurationPlatforms) = preSolution
		Debug|x64 = Debug|x64
		Debug|x86 = Debug|x86
		Release|x64 = Release|x64
		Release|x86 = Release|x86
	EndGlobalSection
	GlobalSection(ProjectConfigurationPlatforms) = postSolution
		{41D5D839-21ED-4FDA-B1F6-80218DF61DD9}.Debug|x64.ActiveCfg = Debug|x64
		{41D5D839-21ED-4FDA-B1F6-80218DF61DD9}.Debug|x64.Build.0 = Debug|x64
		{41D5D839-21ED-4FDA-B1F6-80218DF61DD9}.Debug|x86.ActiveCfg = Debug|Win32
		{41D5D839-21ED-4FDA-B1F6-80218DF61DD9}.Debug|x86.Build.0 = Debug|Win32
		{41D5D839-21ED-4FDA-B1F6-80218DF61DD9}.Release|x64.ActiveCfg = Release|x64
		{41D5D839-21ED-4FDA-B1F6-80218DF61DD9}.Release|x64.Build.0 = Release|x64
		{41D5D839-21ED-4FDA-B1F6-80218DF61DD9}.Release|x86.ActiveCfg = Release|Win32
		{41D5D839-21ED-4FDA-B1F6-80218DF61DD9}.Release|x86.Build.0 = Release|Win32
	EndGlobalSection
	GlobalSection(SolutionProperties) = preSolution
		HideSolutionNode = FALSE
	EndGlobalSection
	GlobalSection(ExtensibilityGlobals) = postSolution
		SolutionGuid = {150E4259-30D6-47EE-A878-A1DCEB1732A1}
	EndGlobalSection
EndGlobal
